
Microsoft Visual Studio Solution File, Format Version 12.00
# Visual Studio Version 17
VisualStudioVersion = 17.0.31903.59
MinimumVisualStudioVersion = 10.0.40219.1
Project("{2150E333-8FDC-42A3-9474-1A3956D46DE8}") = "src", "src", "{827E0CD3-B72D-47B6-A68D-7590B98EB39B}"
EndProject
Project("{FAE04EC0-301F-11D3-BF4B-00C04F79EFBC}") = "SXA.RTX.Analytics.Domain", "src\SXA.RTX.Analytics.Domain\SXA.RTX.Analytics.Domain.csproj", "{793511D1-2FE0-47DC-B659-8B58A311700F}"
EndProject
Project("{FAE04EC0-301F-11D3-BF4B-00C04F79EFBC}") = "SXA.RTX.Analytics.Application", "src\SXA.RTX.Analytics.Application\SXA.RTX.Analytics.Application.csproj", "{880D6391-CBA2-4246-BBA8-7F2C3372E2A1}"
EndProject
Project("{FAE04EC0-301F-11D3-BF4B-00C04F79EFBC}") = "SXA.RTX.Analytics.Infrastructure", "src\SXA.RTX.Analytics.Infrastructure\SXA.RTX.Analytics.Infrastructure.csproj", "{E0662F6B-855B-42AC-A1FB-7FFE9A540D0D}"
EndProject
Project("{FAE04EC0-301F-11D3-BF4B-00C04F79EFBC}") = "SXA.RTX.Analytics.Reporting", "src\SXA.RTX.Analytics.Reporting\SXA.RTX.Analytics.Reporting.csproj", "{4A4F395D-55B7-4711-86F2-FF8200121431}"
EndProject
Project("{FAE04EC0-301F-11D3-BF4B-00C04F79EFBC}") = "SXA.RTX.Analytics.Web", "src\SXA.RTX.Analytics.Web\SXA.RTX.Analytics.Web.csproj", "{EA926B3C-66F1-4838-8513-AA8DD5C29CAB}"
EndProject
Project("{2150E333-8FDC-42A3-9474-1A3956D46DE8}") = "tests", "tests", "{0AB3BF05-4346-4AA6-1389-037BE0695223}"
EndProject
Project("{FAE04EC0-301F-11D3-BF4B-00C04F79EFBC}") = "SXA.RTX.Analytics.Domain.Tests", "tests\SXA.RTX.Analytics.Domain.Tests\SXA.RTX.Analytics.Domain.Tests.csproj", "{809CD400-61CA-4A80-B3CB-4FEE740E28C7}"
EndProject
Project("{FAE04EC0-301F-11D3-BF4B-00C04F79EFBC}") = "SXA.RTX.Analytics.Application.Tests", "tests\SXA.RTX.Analytics.Application.Tests\SXA.RTX.Analytics.Application.Tests.csproj", "{A92DD0CA-E22F-43C1-805B-133CDB73D2CC}"
EndProject
Project("{FAE04EC0-301F-11D3-BF4B-00C04F79EFBC}") = "SXA.RTX.Analytics.Reporting.Tests", "tests\SXA.RTX.Analytics.Reporting.Tests\SXA.RTX.Analytics.Reporting.Tests.csproj", "{897CD998-8A40-4A34-840C-509852F086F9}"
EndProject
Global
	GlobalSection(SolutionConfigurationPlatforms) = preSolution
		Debug|Any CPU = Debug|Any CPU
		Debug|x64 = Debug|x64
		Debug|x86 = Debug|x86
		Release|Any CPU = Release|Any CPU
		Release|x64 = Release|x64
		Release|x86 = Release|x86
	EndGlobalSection
	GlobalSection(ProjectConfigurationPlatforms) = postSolution
		{793511D1-2FE0-47DC-B659-8B58A311700F}.Debug|Any CPU.ActiveCfg = Debug|Any CPU
		{793511D1-2FE0-47DC-B659-8B58A311700F}.Debug|Any CPU.Build.0 = Debug|Any CPU
		{793511D1-2FE0-47DC-B659-8B58A311700F}.Debug|x64.ActiveCfg = Debug|Any CPU
		{793511D1-2FE0-47DC-B659-8B58A311700F}.Debug|x64.Build.0 = Debug|Any CPU
		{793511D1-2FE0-47DC-B659-8B58A311700F}.Debug|x86.ActiveCfg = Debug|Any CPU
		{793511D1-2FE0-47DC-B659-8B58A311700F}.Debug|x86.Build.0 = Debug|Any CPU
		{793511D1-2FE0-47DC-B659-8B58A311700F}.Release|Any CPU.ActiveCfg = Release|Any CPU
		{793511D1-2FE0-47DC-B659-8B58A311700F}.Release|Any CPU.Build.0 = Release|Any CPU
		{793511D1-2FE0-47DC-B659-8B58A311700F}.Release|x64.ActiveCfg = Release|Any CPU
		{793511D1-2FE0-47DC-B659-8B58A311700F}.Release|x64.Build.0 = Release|Any CPU
		{793511D1-2FE0-47DC-B659-8B58A311700F}.Release|x86.ActiveCfg = Release|Any CPU
		{793511D1-2FE0-47DC-B659-8B58A311700F}.Release|x86.Build.0 = Release|Any CPU
		{880D6391-CBA2-4246-BBA8-7F2C3372E2A1}.Debug|Any CPU.ActiveCfg = Debug|Any CPU
		{880D6391-CBA2-4246-BBA8-7F2C3372E2A1}.Debug|Any CPU.Build.0 = Debug|Any CPU
		{880D6391-CBA2-4246-BBA8-7F2C3372E2A1}.Debug|x64.ActiveCfg = Debug|Any CPU
		{880D6391-CBA2-4246-BBA8-7F2C3372E2A1}.Debug|x64.Build.0 = Debug|Any CPU
		{880D6391-CBA2-4246-BBA8-7F2C3372E2A1}.Debug|x86.ActiveCfg = Debug|Any CPU
		{880D6391-CBA2-4246-BBA8-7F2C3372E2A1}.Debug|x86.Build.0 = Debug|Any CPU
		{880D6391-CBA2-4246-BBA8-7F2C3372E2A1}.Release|Any CPU.ActiveCfg = Release|Any CPU
		{880D6391-CBA2-4246-BBA8-7F2C3372E2A1}.Release|Any CPU.Build.0 = Release|Any CPU
		{880D6391-CBA2-4246-BBA8-7F2C3372E2A1}.Release|x64.ActiveCfg = Release|Any CPU
		{880D6391-CBA2-4246-BBA8-7F2C3372E2A1}.Release|x64.Build.0 = Release|Any CPU
		{880D6391-CBA2-4246-BBA8-7F2C3372E2A1}.Release|x86.ActiveCfg = Release|Any CPU
		{880D6391-CBA2-4246-BBA8-7F2C3372E2A1}.Release|x86.Build.0 = Release|Any CPU
		{E0662F6B-855B-42AC-A1FB-7FFE9A540D0D}.Debug|Any CPU.ActiveCfg = Debug|Any CPU
		{E0662F6B-855B-42AC-A1FB-7FFE9A540D0D}.Debug|Any CPU.Build.0 = Debug|Any CPU
		{E0662F6B-855B-42AC-A1FB-7FFE9A540D0D}.Debug|x64.ActiveCfg = Debug|Any CPU
		{E0662F6B-855B-42AC-A1FB-7FFE9A540D0D}.Debug|x64.Build.0 = Debug|Any CPU
		{E0662F6B-855B-42AC-A1FB-7FFE9A540D0D}.Debug|x86.ActiveCfg = Debug|Any CPU
		{E0662F6B-855B-42AC-A1FB-7FFE9A540D0D}.Debug|x86.Build.0 = Debug|Any CPU
		{E0662F6B-855B-42AC-A1FB-7FFE9A540D0D}.Release|Any CPU.ActiveCfg = Release|Any CPU
		{E0662F6B-855B-42AC-A1FB-7FFE9A540D0D}.Release|Any CPU.Build.0 = Release|Any CPU
		{E0662F6B-855B-42AC-A1FB-7FFE9A540D0D}.Release|x64.ActiveCfg = Release|Any CPU
		{E0662F6B-855B-42AC-A1FB-7FFE9A540D0D}.Release|x64.Build.0 = Release|Any CPU
		{E0662F6B-855B-42AC-A1FB-7FFE9A540D0D}.Release|x86.ActiveCfg = Release|Any CPU
		{E0662F6B-855B-42AC-A1FB-7FFE9A540D0D}.Release|x86.Build.0 = Release|Any CPU
		{4A4F395D-55B7-4711-86F2-FF8200121431}.Debug|Any CPU.ActiveCfg = Debug|Any CPU
		{4A4F395D-55B7-4711-86F2-FF8200121431}.Debug|Any CPU.Build.0 = Debug|Any CPU
		{4A4F395D-55B7-4711-86F2-FF8200121431}.Debug|x64.ActiveCfg = Debug|Any CPU
		{4A4F395D-55B7-4711-86F2-FF8200121431}.Debug|x64.Build.0 = Debug|Any CPU
		{4A4F395D-55B7-4711-86F2-FF8200121431}.Debug|x86.ActiveCfg = Debug|Any CPU
		{4A4F395D-55B7-4711-86F2-FF8200121431}.Debug|x86.Build.0 = Debug|Any CPU
		{4A4F395D-55B7-4711-86F2-FF8200121431}.Release|Any CPU.ActiveCfg = Release|Any CPU
		{4A4F395D-55B7-4711-86F2-FF8200121431}.Release|Any CPU.Build.0 = Release|Any CPU
		{4A4F395D-55B7-4711-86F2-FF8200121431}.Release|x64.ActiveCfg = Release|Any CPU
		{4A4F395D-55B7-4711-86F2-FF8200121431}.Release|x64.Build.0 = Release|Any CPU
		{4A4F395D-55B7-4711-86F2-FF8200121431}.Release|x86.ActiveCfg = Release|Any CPU
		{4A4F395D-55B7-4711-86F2-FF8200121431}.Release|x86.Build.0 = Release|Any CPU
		{EA926B3C-66F1-4838-8513-AA8DD5C29CAB}.Debug|Any CPU.ActiveCfg = Debug|Any CPU
		{EA926B3C-66F1-4838-8513-AA8DD5C29CAB}.Debug|Any CPU.Build.0 = Debug|Any CPU
		{EA926B3C-66F1-4838-8513-AA8DD5C29CAB}.Debug|x64.ActiveCfg = Debug|Any CPU
		{EA926B3C-66F1-4838-8513-AA8DD5C29CAB}.Debug|x64.Build.0 = Debug|Any CPU
		{EA926B3C-66F1-4838-8513-AA8DD5C29CAB}.Debug|x86.ActiveCfg = Debug|Any CPU
		{EA926B3C-66F1-4838-8513-AA8DD5C29CAB}.Debug|x86.Build.0 = Debug|Any CPU
		{EA926B3C-66F1-4838-8513-AA8DD5C29CAB}.Release|Any CPU.ActiveCfg = Release|Any CPU
		{EA926B3C-66F1-4838-8513-AA8DD5C29CAB}.Release|Any CPU.Build.0 = Release|Any CPU
		{EA926B3C-66F1-4838-8513-AA8DD5C29CAB}.Release|x64.ActiveCfg = Release|Any CPU
		{EA926B3C-66F1-4838-8513-AA8DD5C29CAB}.Release|x64.Build.0 = Release|Any CPU
		{EA926B3C-66F1-4838-8513-AA8DD5C29CAB}.Release|x86.ActiveCfg = Release|Any CPU
		{EA926B3C-66F1-4838-8513-AA8DD5C29CAB}.Release|x86.Build.0 = Release|Any CPU
		{809CD400-61CA-4A80-B3CB-4FEE740E28C7}.Debug|Any CPU.ActiveCfg = Debug|Any CPU
		{809CD400-61CA-4A80-B3CB-4FEE740E28C7}.Debug|Any CPU.Build.0 = Debug|Any CPU
		{809CD400-61CA-4A80-B3CB-4FEE740E28C7}.Debug|x64.ActiveCfg = Debug|Any CPU
		{809CD400-61CA-4A80-B3CB-4FEE740E28C7}.Debug|x64.Build.0 = Debug|Any CPU
		{809CD400-61CA-4A80-B3CB-4FEE740E28C7}.Debug|x86.ActiveCfg = Debug|Any CPU
		{809CD400-61CA-4A80-B3CB-4FEE740E28C7}.Debug|x86.Build.0 = Debug|Any CPU
		{809CD400-61CA-4A80-B3CB-4FEE740E28C7}.Release|Any CPU.ActiveCfg = Release|Any CPU
		{809CD400-61CA-4A80-B3CB-4FEE740E28C7}.Release|Any CPU.Build.0 = Release|Any CPU
		{809CD400-61CA-4A80-B3CB-4FEE740E28C7}.Release|x64.ActiveCfg = Release|Any CPU
		{809CD400-61CA-4A80-B3CB-4FEE740E28C7}.Release|x64.Build.0 = Release|Any CPU
		{809CD400-61CA-4A80-B3CB-4FEE740E28C7}.Release|x86.ActiveCfg = Release|Any CPU
		{809CD400-61CA-4A80-B3CB-4FEE740E28C7}.Release|x86.Build.0 = Release|Any CPU
		{A92DD0CA-E22F-43C1-805B-133CDB73D2CC}.Debug|Any CPU.ActiveCfg = Debug|Any CPU
		{A92DD0CA-E22F-43C1-805B-133CDB73D2CC}.Debug|Any CPU.Build.0 = Debug|Any CPU
		{A92DD0CA-E22F-43C1-805B-133CDB73D2CC}.Debug|x64.ActiveCfg = Debug|Any CPU
		{A92DD0CA-E22F-43C1-805B-133CDB73D2CC}.Debug|x64.Build.0 = Debug|Any CPU
		{A92DD0CA-E22F-43C1-805B-133CDB73D2CC}.Debug|x86.ActiveCfg = Debug|Any CPU
		{A92DD0CA-E22F-43C1-805B-133CDB73D2CC}.Debug|x86.Build.0 = Debug|Any CPU
		{A92DD0CA-E22F-43C1-805B-133CDB73D2CC}.Release|Any CPU.ActiveCfg = Release|Any CPU
		{A92DD0CA-E22F-43C1-805B-133CDB73D2CC}.Release|Any CPU.Build.0 = Release|Any CPU
		{A92DD0CA-E22F-43C1-805B-133CDB73D2CC}.Release|x64.ActiveCfg = Release|Any CPU
		{A92DD0CA-E22F-43C1-805B-133CDB73D2CC}.Release|x64.Build.0 = Release|Any CPU
		{A92DD0CA-E22F-43C1-805B-133CDB73D2CC}.Release|x86.ActiveCfg = Release|Any CPU
		{A92DD0CA-E22F-43C1-805B-133CDB73D2CC}.Release|x86.Build.0 = Release|Any CPU
		{897CD998-8A40-4A34-840C-509852F086F9}.Debug|Any CPU.ActiveCfg = Debug|Any CPU
		{897CD998-8A40-4A34-840C-509852F086F9}.Debug|Any CPU.Build.0 = Debug|Any CPU
		{897CD998-8A40-4A34-840C-509852F086F9}.Debug|x64.ActiveCfg = Debug|Any CPU
		{897CD998-8A40-4A34-840C-509852F086F9}.Debug|x64.Build.0 = Debug|Any CPU
		{897CD998-8A40-4A34-840C-509852F086F9}.Debug|x86.ActiveCfg = Debug|Any CPU
		{897CD998-8A40-4A34-840C-509852F086F9}.Debug|x86.Build.0 = Debug|Any CPU
		{897CD998-8A40-4A34-840C-509852F086F9}.Release|Any CPU.ActiveCfg = Release|Any CPU
		{897CD998-8A40-4A34-840C-509852F086F9}.Release|Any CPU.Build.0 = Release|Any CPU
		{897CD998-8A40-4A34-840C-509852F086F9}.Release|x64.ActiveCfg = Release|Any CPU
		{897CD998-8A40-4A34-840C-509852F086F9}.Release|x64.Build.0 = Release|Any CPU
		{897CD998-8A40-4A34-840C-509852F086F9}.Release|x86.ActiveCfg = Release|Any CPU
		{897CD998-8A40-4A34-840C-509852F086F9}.Release|x86.Build.0 = Release|Any CPU
	EndGlobalSection
	GlobalSection(SolutionProperties) = preSolution
		HideSolutionNode = FALSE
	EndGlobalSection
	GlobalSection(NestedProjects) = preSolution
		{793511D1-2FE0-47DC-B659-8B58A311700F} = {827E0CD3-B72D-47B6-A68D-7590B98EB39B}
		{880D6391-CBA2-4246-BBA8-7F2C3372E2A1} = {827E0CD3-B72D-47B6-A68D-7590B98EB39B}
		{E0662F6B-855B-42AC-A1FB-7FFE9A540D0D} = {827E0CD3-B72D-47B6-A68D-7590B98EB39B}
		{4A4F395D-55B7-4711-86F2-FF8200121431} = {827E0CD3-B72D-47B6-A68D-7590B98EB39B}
		{EA926B3C-66F1-4838-8513-AA8DD5C29CAB} = {827E0CD3-B72D-47B6-A68D-7590B98EB39B}
		{809CD400-61CA-4A80-B3CB-4FEE740E28C7} = {0AB3BF05-4346-4AA6-1389-037BE0695223}
		{A92DD0CA-E22F-43C1-805B-133CDB73D2CC} = {0AB3BF05-4346-4AA6-1389-037BE0695223}
		{897CD998-8A40-4A34-840C-509852F086F9} = {0AB3BF05-4346-4AA6-1389-037BE0695223}
	EndGlobalSection
EndGlobal
